
Microsoft Visual Studio Solution File, Format Version 12.00
# Visual Studio 15
VisualStudioVersion = 15.0.28307.168
MinimumVisualStudioVersion = 10.0.40219.1
Project("{9A19103F-16F7-4668-BE54-9A1E7A4F7556}") = "Bibloteca", "Bibloteca\Bibloteca.csproj", "{637583B4-D384-45F1-A3ED-2C4FE9D4B23F}"
EndProject
Project("{9A19103F-16F7-4668-BE54-9A1E7A4F7556}") = "Bibloteca.Servicio", "Bibloteca.Servicio\Bibloteca.Servicio.csproj", "{A07766E4-6D72-4C45-A273-69E3AD603636}"
EndProject
Project("{9A19103F-16F7-4668-BE54-9A1E7A4F7556}") = "Bibloteca.Modelo", "Bibloteca.Modelo\Bibloteca.Modelo.csproj", "{7C22EA08-A122-4BD3-92F5-E46411675DC6}"
EndProject
Project("{FAE04EC0-301F-11D3-BF4B-00C04F79EFBC}") = "Bibloteca.Repositorio", "Bibloteca.Repositorio\Bibloteca.Repositorio.csproj", "{E3326683-5258-4647-BB79-A2C5A89A96FE}"
EndProject
Global
	GlobalSection(SolutionConfigurationPlatforms) = preSolution
		Debug|Any CPU = Debug|Any CPU
		Release|Any CPU = Release|Any CPU
	EndGlobalSection
	GlobalSection(ProjectConfigurationPlatforms) = postSolution
		{637583B4-D384-45F1-A3ED-2C4FE9D4B23F}.Debug|Any CPU.ActiveCfg = Debug|Any CPU
		{637583B4-D384-45F1-A3ED-2C4FE9D4B23F}.Debug|Any CPU.Build.0 = Debug|Any CPU
		{637583B4-D384-45F1-A3ED-2C4FE9D4B23F}.Release|Any CPU.ActiveCfg = Release|Any CPU
		{637583B4-D384-45F1-A3ED-2C4FE9D4B23F}.Release|Any CPU.Build.0 = Release|Any CPU
		{A07766E4-6D72-4C45-A273-69E3AD603636}.Debug|Any CPU.ActiveCfg = Debug|Any CPU
		{A07766E4-6D72-4C45-A273-69E3AD603636}.Debug|Any CPU.Build.0 = Debug|Any CPU
		{A07766E4-6D72-4C45-A273-69E3AD603636}.Release|Any CPU.ActiveCfg = Release|Any CPU
		{A07766E4-6D72-4C45-A273-69E3AD603636}.Release|Any CPU.Build.0 = Release|Any CPU
		{7C22EA08-A122-4BD3-92F5-E46411675DC6}.Debug|Any CPU.ActiveCfg = Debug|Any CPU
		{7C22EA08-A122-4BD3-92F5-E46411675DC6}.Debug|Any CPU.Build.0 = Debug|Any CPU
		{7C22EA08-A122-4BD3-92F5-E46411675DC6}.Release|Any CPU.ActiveCfg = Release|Any CPU
		{7C22EA08-A122-4BD3-92F5-E46411675DC6}.Release|Any CPU.Build.0 = Release|Any CPU
		{E3326683-5258-4647-BB79-A2C5A89A96FE}.Debug|Any CPU.ActiveCfg = Debug|Any CPU
		{E3326683-5258-4647-BB79-A2C5A89A96FE}.Debug|Any CPU.Build.0 = Debug|Any CPU
		{E3326683-5258-4647-BB79-A2C5A89A96FE}.Release|Any CPU.ActiveCfg = Release|Any CPU
		{E3326683-5258-4647-BB79-A2C5A89A96FE}.Release|Any CPU.Build.0 = Release|Any CPU
	EndGlobalSection
	GlobalSection(SolutionProperties) = preSolution
		HideSolutionNode = FALSE
	EndGlobalSection
	GlobalSection(ExtensibilityGlobals) = postSolution
		SolutionGuid = {2D8D1923-313A-47E1-8A6D-965F199EC7E5}
	EndGlobalSection
EndGlobal
